{
  "version": "2",
  "remote": {},
  "npm": {
    "specifiers": {
      "rollup": "rollup@3.23.0"
    },
    "packages": {
      "fsevents@2.3.2": {
        "integrity": "sha512-xiqMQR4xAeHTuB9uWm+fFRcIOgKBMiOBP+eXiyT7jsgVCq1bkVygt00oASowB7EdtpOHaaPgKt812P9ab+DDKA==",
        "dependencies": {}
      },
      "rollup@3.23.0": {
        "integrity": "sha512-h31UlwEi7FHihLe1zbk+3Q7z1k/84rb9BSwmBSr/XjOCEaBJ2YyedQDuM0t/kfOS0IxM+vk1/zI9XxYj9V+NJQ==",
        "dependencies": {
          "fsevents": "fsevents@2.3.2"
        }
      }
    }
  }
}
